
Microsoft Visual Studio Solution File, Format Version 12.00
# Visual Studio Version 17
VisualStudioVersion = 17.8.34330.188
MinimumVisualStudioVersion = 10.0.40219.1
Project("{FAE04EC0-301F-11D3-BF4B-00C04F79EFBC}") = "udi.Device_Controller_SignalR", "udi.Device_Controller_SignalR\udi.Device_Controller_SignalR.csproj", "{F10EDAB6-4B16-445A-BE31-D057C2A34104}"
EndProject
Global
	GlobalSection(SolutionConfigurationPlatforms) = preSolution
		Debug|Any CPU = Debug|Any CPU
		Release|Any CPU = Release|Any CPU
	EndGlobalSection
	GlobalSection(ProjectConfigurationPlatforms) = postSolution
		{F10EDAB6-4B16-445A-BE31-D057C2A34104}.Debug|Any CPU.ActiveCfg = Debug|Any CPU
		{F10EDAB6-4B16-445A-BE31-D057C2A34104}.Debug|Any CPU.Build.0 = Debug|Any CPU
		{F10EDAB6-4B16-445A-BE31-D057C2A34104}.Release|Any CPU.ActiveCfg = Release|Any CPU
		{F10EDAB6-4B16-445A-BE31-D057C2A34104}.Release|Any CPU.Build.0 = Release|Any CPU
	EndGlobalSection
	GlobalSection(SolutionProperties) = preSolution
		HideSolutionNode = FALSE
	EndGlobalSection
	GlobalSection(ExtensibilityGlobals) = postSolution
		SolutionGuid = {785E588B-1B39-409C-9EA9-9DA384044231}
	EndGlobalSection
EndGlobal
